
Microsoft Visual Studio Solution File, Format Version 12.00
# Visual Studio Version 16
VisualStudioVersion = 16.0.31205.134
MinimumVisualStudioVersion = 10.0.40219.1
Project("{FAE04EC0-301F-11D3-BF4B-00C04F79EFBC}") = "2.DereceDenklem", "2.DereceDenklem\2.DereceDenklem.csproj", "{0FC58D01-E4AF-4B39-A8CB-EBBFB2E10BCE}"
EndProject
Project("{FAE04EC0-301F-11D3-BF4B-00C04F79EFBC}") = "TukceKarakterCevirimi", "TukceKarakterCevirimi\TukceKarakterCevirimi.csproj", "{3F337A37-09BD-4C19-B549-99E63E90FEAB}"
EndProject
Global
	GlobalSection(SolutionConfigurationPlatforms) = preSolution
		Debug|Any CPU = Debug|Any CPU
		Release|Any CPU = Release|Any CPU
	EndGlobalSection
	GlobalSection(ProjectConfigurationPlatforms) = postSolution
		{0FC58D01-E4AF-4B39-A8CB-EBBFB2E10BCE}.Debug|Any CPU.ActiveCfg = Debug|Any CPU
		{0FC58D01-E4AF-4B39-A8CB-EBBFB2E10BCE}.Debug|Any CPU.Build.0 = Debug|Any CPU
		{0FC58D01-E4AF-4B39-A8CB-EBBFB2E10BCE}.Release|Any CPU.ActiveCfg = Release|Any CPU
		{0FC58D01-E4AF-4B39-A8CB-EBBFB2E10BCE}.Release|Any CPU.Build.0 = Release|Any CPU
		{3F337A37-09BD-4C19-B549-99E63E90FEAB}.Debug|Any CPU.ActiveCfg = Debug|Any CPU
		{3F337A37-09BD-4C19-B549-99E63E90FEAB}.Debug|Any CPU.Build.0 = Debug|Any CPU
		{3F337A37-09BD-4C19-B549-99E63E90FEAB}.Release|Any CPU.ActiveCfg = Release|Any CPU
		{3F337A37-09BD-4C19-B549-99E63E90FEAB}.Release|Any CPU.Build.0 = Release|Any CPU
	EndGlobalSection
	GlobalSection(SolutionProperties) = preSolution
		HideSolutionNode = FALSE
	EndGlobalSection
	GlobalSection(ExtensibilityGlobals) = postSolution
		SolutionGuid = {059590B2-C984-4679-976E-C8C749431C2E}
	EndGlobalSection
EndGlobal
